# THIS IS AN AUTOGENERATED FILE. DO NOT EDIT THIS FILE DIRECTLY.
# yarn lockfile v1


"@types/ua-parser-js@^0.7.39":
  version "0.7.39"
  resolved "https://registry.yarnpkg.com/@types/ua-parser-js/-/ua-parser-js-0.7.39.tgz#832c58e460c9435e4e34bb866e85e9146e12cdbb"
  integrity sha512-P/oDfpofrdtF5xw433SPALpdSchtJmY7nsJItf8h3KXqOslkbySh8zq4dSWXH2oTjRvJ5PczVEoCZPow6GicLg==

"@use-gesture/core@10.3.0":
  version "10.3.0"
  resolved "https://registry.yarnpkg.com/@use-gesture/core/-/core-10.3.0.tgz#9afd3777a45b2a08990a5dcfcf8d9ddd55b00db9"
  integrity sha512-rh+6MND31zfHcy9VU3dOZCqGY511lvGcfyJenN4cWZe0u1BH6brBpBddLVXhF2r4BMqWbvxfsbL7D287thJU2A==

"@use-gesture/react@^10.3.0":
  version "10.3.0"
  resolved "https://registry.yarnpkg.com/@use-gesture/react/-/react-10.3.0.tgz#180534c821fd635c2853cbcfa813f92c94f27e3f"
  integrity sha512-3zc+Ve99z4usVP6l9knYVbVnZgfqhKah7sIG+PS2w+vpig2v2OLct05vs+ZXMzwxdNCMka8B+8WlOo0z6Pn6DA==
  dependencies:
    "@use-gesture/core" "10.3.0"

clsx@^2.1.0:
  version "2.1.0"
  resolved "https://registry.yarnpkg.com/clsx/-/clsx-2.1.0.tgz#e851283bcb5c80ee7608db18487433f7b23f77cb"
  integrity sha512-m3iNNWpd9rl3jvvcBnu70ylMdrXt8Vlq4HYadnU5fwcOtvkSQWPmj7amUcDT2qYI7risszBjI5AUIUox9D16pg==

swiper@^11.0.6:
  version "11.0.6"
  resolved "https://registry.yarnpkg.com/swiper/-/swiper-11.0.6.tgz#787187e2711b01301b4c67b86b8e03099e2fc9f2"
  integrity sha512-W/Me7MQl5rNgdM5x9i3Gll76WsyVpnHn91GhBOyL7RCFUeg62aVnflzlVfIpXzZ/87FtJOfAoDH79ZH2Yq76zA==

ua-parser-js@^1.0.37:
  version "1.0.37"
  resolved "https://registry.yarnpkg.com/ua-parser-js/-/ua-parser-js-1.0.37.tgz#b5dc7b163a5c1f0c510b08446aed4da92c46373f"
  integrity sha512-bhTyI94tZofjo+Dn8SN6Zv8nBDvyXTymAdM3LDI/0IboIUwTu1rEhW7v2TfiVsoYWgkQ4kOVqnI8APUFbIQIFQ==
